// !$*UTF8*$!
{
	archiveVersion = 1;
	classes = {
	};
	objectVersion = 50;
	objects = {

/* Begin PBXBuildFile section */
		C34576D4226FF94D00BBF5DD /* main.cpp in Sources */ = {isa = PBXBuildFile; fileRef = C34576D3226FF94D00BBF5DD /* main.cpp */; };
		C34576EF226FF9B000BBF5DD /* Makefile in Sources */ = {isa = PBXBuildFile; fileRef = C34576DD226FF9AF00BBF5DD /* Makefile */; };
		C34576F0226FF9B000BBF5DD /* testScanner.cpp in Sources */ = {isa = PBXBuildFile; fileRef = C34576E3226FF9AF00BBF5DD /* testScanner.cpp */; };
		C34576F1226FF9B000BBF5DD /* scanner.cpp in Sources */ = {isa = PBXBuildFile; fileRef = C34576E5226FF9AF00BBF5DD /* scanner.cpp */; };
		C34576F2226FF9B000BBF5DD /* parser.cpp in Sources */ = {isa = PBXBuildFile; fileRef = C34576E8226FF9B000BBF5DD /* parser.cpp */; };
		C34576F3226FF9B000BBF5DD /* testTree.cpp in Sources */ = {isa = PBXBuildFile; fileRef = C34576EA226FF9B000BBF5DD /* testTree.cpp */; };
		C34576F4226FF9B000BBF5DD /* tree.cpp in Sources */ = {isa = PBXBuildFile; fileRef = C34576EC226FF9B000BBF5DD /* tree.cpp */; };
/* End PBXBuildFile section */

/* Begin PBXCopyFilesBuildPhase section */
		C34576CE226FF94D00BBF5DD /* CopyFiles */ = {
			isa = PBXCopyFilesBuildPhase;
			buildActionMask = 2147483647;
			dstPath = /usr/share/man/man1/;
			dstSubfolderSpec = 0;
			files = (
			);
			runOnlyForDeploymentPostprocessing = 1;
		};
/* End PBXCopyFilesBuildPhase section */

/* Begin PBXFileReference section */
		C34576D0226FF94D00BBF5DD /* P3 */ = {isa = PBXFileReference; explicitFileType = "compiled.mach-o.executable"; includeInIndex = 0; path = P3; sourceTree = BUILT_PRODUCTS_DIR; };
		C34576D3226FF94D00BBF5DD /* main.cpp */ = {isa = PBXFileReference; lastKnownFileType = sourcecode.cpp.cpp; path = main.cpp; sourceTree = "<group>"; };
		C34576DA226FF9AF00BBF5DD /* scanner.h */ = {isa = PBXFileReference; fileEncoding = 4; lastKnownFileType = sourcecode.c.h; path = scanner.h; sourceTree = "<group>"; };
		C34576DB226FF9AF00BBF5DD /* node.h */ = {isa = PBXFileReference; fileEncoding = 4; lastKnownFileType = sourcecode.c.h; path = node.h; sourceTree = "<group>"; };
		C34576DC226FF9AF00BBF5DD /* test6.sp19 */ = {isa = PBXFileReference; fileEncoding = 4; lastKnownFileType = text; path = test6.sp19; sourceTree = "<group>"; };
		C34576DD226FF9AF00BBF5DD /* Makefile */ = {isa = PBXFileReference; fileEncoding = 4; lastKnownFileType = sourcecode.make; path = Makefile; sourceTree = "<group>"; };
		C34576DE226FF9AF00BBF5DD /* test1.sp19 */ = {isa = PBXFileReference; fileEncoding = 4; lastKnownFileType = text; path = test1.sp19; sourceTree = "<group>"; };
		C34576DF226FF9AF00BBF5DD /* testTree.h */ = {isa = PBXFileReference; fileEncoding = 4; lastKnownFileType = sourcecode.c.h; path = testTree.h; sourceTree = "<group>"; };
		C34576E0226FF9AF00BBF5DD /* parser.h */ = {isa = PBXFileReference; fileEncoding = 4; lastKnownFileType = sourcecode.c.h; path = parser.h; sourceTree = "<group>"; };
		C34576E1226FF9AF00BBF5DD /* test.sp19 */ = {isa = PBXFileReference; fileEncoding = 4; lastKnownFileType = text; path = test.sp19; sourceTree = "<group>"; };
		C34576E2226FF9AF00BBF5DD /* test5.sp19 */ = {isa = PBXFileReference; fileEncoding = 4; lastKnownFileType = text; path = test5.sp19; sourceTree = "<group>"; };
		C34576E3226FF9AF00BBF5DD /* testScanner.cpp */ = {isa = PBXFileReference; fileEncoding = 4; lastKnownFileType = sourcecode.cpp.cpp; path = testScanner.cpp; sourceTree = "<group>"; };
		C34576E4226FF9AF00BBF5DD /* testScanner.h */ = {isa = PBXFileReference; fileEncoding = 4; lastKnownFileType = sourcecode.c.h; path = testScanner.h; sourceTree = "<group>"; };
		C34576E5226FF9AF00BBF5DD /* scanner.cpp */ = {isa = PBXFileReference; fileEncoding = 4; lastKnownFileType = sourcecode.cpp.cpp; path = scanner.cpp; sourceTree = "<group>"; };
		C34576E6226FF9AF00BBF5DD /* test4.sp19 */ = {isa = PBXFileReference; fileEncoding = 4; lastKnownFileType = text; path = test4.sp19; sourceTree = "<group>"; };
		C34576E7226FF9AF00BBF5DD /* test3.sp19 */ = {isa = PBXFileReference; fileEncoding = 4; lastKnownFileType = text; path = test3.sp19; sourceTree = "<group>"; };
		C34576E8226FF9B000BBF5DD /* parser.cpp */ = {isa = PBXFileReference; fileEncoding = 4; lastKnownFileType = sourcecode.cpp.cpp; path = parser.cpp; sourceTree = "<group>"; };
		C34576E9226FF9B000BBF5DD /* test2.sp19 */ = {isa = PBXFileReference; fileEncoding = 4; lastKnownFileType = text; path = test2.sp19; sourceTree = "<group>"; };
		C34576EA226FF9B000BBF5DD /* testTree.cpp */ = {isa = PBXFileReference; fileEncoding = 4; lastKnownFileType = sourcecode.cpp.cpp; path = testTree.cpp; sourceTree = "<group>"; };
		C34576EB226FF9B000BBF5DD /* token.h */ = {isa = PBXFileReference; fileEncoding = 4; lastKnownFileType = sourcecode.c.h; path = token.h; sourceTree = "<group>"; };
		C34576EC226FF9B000BBF5DD /* tree.cpp */ = {isa = PBXFileReference; fileEncoding = 4; lastKnownFileType = sourcecode.cpp.cpp; path = tree.cpp; sourceTree = "<group>"; };
		C34576ED226FF9B000BBF5DD /* tree.h */ = {isa = PBXFileReference; fileEncoding = 4; lastKnownFileType = sourcecode.c.h; path = tree.h; sourceTree = "<group>"; };
		C34576EE226FF9B000BBF5DD /* README.txt */ = {isa = PBXFileReference; fileEncoding = 4; lastKnownFileType = text; path = README.txt; sourceTree = "<group>"; };
/* End PBXFileReference section */

/* Begin PBXFrameworksBuildPhase section */
		C34576CD226FF94D00BBF5DD /* Frameworks */ = {
			isa = PBXFrameworksBuildPhase;
			buildActionMask = 2147483647;
			files = (
			);
			runOnlyForDeploymentPostprocessing = 0;
		};
/* End PBXFrameworksBuildPhase section */

/* Begin PBXGroup section */
		C34576C7226FF94D00BBF5DD = {
			isa = PBXGroup;
			children = (
				C34576D2226FF94D00BBF5DD /* P3 */,
				C34576D1226FF94D00BBF5DD /* Products */,
			);
			sourceTree = "<group>";
		};
		C34576D1226FF94D00BBF5DD /* Products */ = {
			isa = PBXGroup;
			children = (
				C34576D0226FF94D00BBF5DD /* P3 */,
			);
			name = Products;
			sourceTree = "<group>";
		};
		C34576D2226FF94D00BBF5DD /* P3 */ = {
			isa = PBXGroup;
			children = (
				C34576DD226FF9AF00BBF5DD /* Makefile */,
				C34576DB226FF9AF00BBF5DD /* node.h */,
				C34576E8226FF9B000BBF5DD /* parser.cpp */,
				C34576E0226FF9AF00BBF5DD /* parser.h */,
				C34576EE226FF9B000BBF5DD /* README.txt */,
				C34576E5226FF9AF00BBF5DD /* scanner.cpp */,
				C34576DA226FF9AF00BBF5DD /* scanner.h */,
				C34576E1226FF9AF00BBF5DD /* test.sp19 */,
				C34576DE226FF9AF00BBF5DD /* test1.sp19 */,
				C34576E9226FF9B000BBF5DD /* test2.sp19 */,
				C34576E7226FF9AF00BBF5DD /* test3.sp19 */,
				C34576E6226FF9AF00BBF5DD /* test4.sp19 */,
				C34576E2226FF9AF00BBF5DD /* test5.sp19 */,
				C34576DC226FF9AF00BBF5DD /* test6.sp19 */,
				C34576E3226FF9AF00BBF5DD /* testScanner.cpp */,
				C34576E4226FF9AF00BBF5DD /* testScanner.h */,
				C34576EA226FF9B000BBF5DD /* testTree.cpp */,
				C34576DF226FF9AF00BBF5DD /* testTree.h */,
				C34576EB226FF9B000BBF5DD /* token.h */,
				C34576EC226FF9B000BBF5DD /* tree.cpp */,
				C34576ED226FF9B000BBF5DD /* tree.h */,
				C34576D3226FF94D00BBF5DD /* main.cpp */,
			);
			path = P3;
			sourceTree = "<group>";
		};
/* End PBXGroup section */

/* Begin PBXNativeTarget section */
		C34576CF226FF94D00BBF5DD /* P3 */ = {
			isa = PBXNativeTarget;
			buildConfigurationList = C34576D7226FF94D00BBF5DD /* Build configuration list for PBXNativeTarget "P3" */;
			buildPhases = (
				C34576CC226FF94D00BBF5DD /* Sources */,
				C34576CD226FF94D00BBF5DD /* Frameworks */,
				C34576CE226FF94D00BBF5DD /* CopyFiles */,
			);
			buildRules = (
			);
			dependencies = (
			);
			name = P3;
			productName = P3;
			productReference = C34576D0226FF94D00BBF5DD /* P3 */;
			productType = "com.apple.product-type.tool";
		};
/* End PBXNativeTarget section */

/* Begin PBXProject section */
		C34576C8226FF94D00BBF5DD /* Project object */ = {
			isa = PBXProject;
			attributes = {
				LastUpgradeCheck = 1020;
				ORGANIZATIONNAME = umsl;
				TargetAttributes = {
					C34576CF226FF94D00BBF5DD = {
						CreatedOnToolsVersion = 10.2.1;
					};
				};
			};
			buildConfigurationList = C34576CB226FF94D00BBF5DD /* Build configuration list for PBXProject "P3" */;
			compatibilityVersion = "Xcode 9.3";
			developmentRegion = en;
			hasScannedForEncodings = 0;
			knownRegions = (
				en,
			);
			mainGroup = C34576C7226FF94D00BBF5DD;
			productRefGroup = C34576D1226FF94D00BBF5DD /* Products */;
			projectDirPath = "";
			projectRoot = "";
			targets = (
				C34576CF226FF94D00BBF5DD /* P3 */,
			);
		};
/* End PBXProject section */

/* Begin PBXSourcesBuildPhase section */
		C34576CC226FF94D00BBF5DD /* Sources */ = {
			isa = PBXSourcesBuildPhase;
			buildActionMask = 2147483647;
			files = (
				C34576F2226FF9B000BBF5DD /* parser.cpp in Sources */,
				C34576EF226FF9B000BBF5DD /* Makefile in Sources */,
				C34576F0226FF9B000BBF5DD /* testScanner.cpp in Sources */,
				C34576F3226FF9B000BBF5DD /* testTree.cpp in Sources */,
				C34576F1226FF9B000BBF5DD /* scanner.cpp in Sources */,
				C34576D4226FF94D00BBF5DD /* main.cpp in Sources */,
				C34576F4226FF9B000BBF5DD /* tree.cpp in Sources */,
			);
			runOnlyForDeploymentPostprocessing = 0;
		};
/* End PBXSourcesBuildPhase section */

/* Begin XCBuildConfiguration section */
		C34576D5226FF94D00BBF5DD /* Debug */ = {
			isa = XCBuildConfiguration;
			buildSettings = {
				ALWAYS_SEARCH_USER_PATHS = NO;
				CLANG_ANALYZER_NONNULL = YES;
				CLANG_ANALYZER_NUMBER_OBJECT_CONVERSION = YES_AGGRESSIVE;
				CLANG_CXX_LANGUAGE_STANDARD = "gnu++14";
				CLANG_CXX_LIBRARY = "libc++";
				CLANG_ENABLE_MODULES = YES;
				CLANG_ENABLE_OBJC_ARC = YES;
				CLANG_ENABLE_OBJC_WEAK = YES;
				CLANG_WARN_BLOCK_CAPTURE_AUTORELEASING = YES;
				CLANG_WARN_BOOL_CONVERSION = YES;
				CLANG_WARN_COMMA = YES;
				CLANG_WARN_CONSTANT_CONVERSION = YES;
				CLANG_WARN_DEPRECATED_OBJC_IMPLEMENTATIONS = YES;
				CLANG_WARN_DIRECT_OBJC_ISA_USAGE = YES_ERROR;
				CLANG_WARN_DOCUMENTATION_COMMENTS = YES;
				CLANG_WARN_EMPTY_BODY = YES;
				CLANG_WARN_ENUM_CONVERSION = YES;
				CLANG_WARN_INFINITE_RECURSION = YES;
				CLANG_WARN_INT_CONVERSION = YES;
				CLANG_WARN_NON_LITERAL_NULL_CONVERSION = YES;
				CLANG_WARN_OBJC_IMPLICIT_RETAIN_SELF = YES;
				CLANG_WARN_OBJC_LITERAL_CONVERSION = YES;
				CLANG_WARN_OBJC_ROOT_CLASS = YES_ERROR;
				CLANG_WARN_RANGE_LOOP_ANALYSIS = YES;
				CLANG_WARN_STRICT_PROTOTYPES = YES;
				CLANG_WARN_SUSPICIOUS_MOVE = YES;
				CLANG_WARN_UNGUARDED_AVAILABILITY = YES_AGGRESSIVE;
				CLANG_WARN_UNREACHABLE_CODE = YES;
				CLANG_WARN__DUPLICATE_METHOD_MATCH = YES;
				CODE_SIGN_IDENTITY = "Mac Developer";
				COPY_PHASE_STRIP = NO;
				DEBUG_INFORMATION_FORMAT = dwarf;
				ENABLE_STRICT_OBJC_MSGSEND = YES;
				ENABLE_TESTABILITY = YES;
				GCC_C_LANGUAGE_STANDARD = gnu11;
				GCC_DYNAMIC_NO_PIC = NO;
				GCC_NO_COMMON_BLOCKS = YES;
				GCC_OPTIMIZATION_LEVEL = 0;
				GCC_PREPROCESSOR_DEFINITIONS = (
					"DEBUG=1",
					"$(inherited)",
				);
				GCC_WARN_64_TO_32_BIT_CONVERSION = YES;
				GCC_WARN_ABOUT_RETURN_TYPE = YES_ERROR;
				GCC_WARN_UNDECLARED_SELECTOR = YES;
				GCC_WARN_UNINITIALIZED_AUTOS = YES_AGGRESSIVE;
				GCC_WARN_UNUSED_FUNCTION = YES;
				GCC_WARN_UNUSED_VARIABLE = YES;
				MACOSX_DEPLOYMENT_TARGET = 10.14;
				MTL_ENABLE_DEBUG_INFO = INCLUDE_SOURCE;
				MTL_FAST_MATH = YES;
				ONLY_ACTIVE_ARCH = YES;
				SDKROOT = macosx;
			};
			name = Debug;
		};
		C34576D6226FF94D00BBF5DD /* Release */ = {
			isa = XCBuildConfiguration;
			buildSettings = {
				ALWAYS_SEARCH_USER_PATHS = NO;
				CLANG_ANALYZER_NONNULL = YES;
				CLANG_ANALYZER_NUMBER_OBJECT_CONVERSION = YES_AGGRESSIVE;
				CLANG_CXX_LANGUAGE_STANDARD = "gnu++14";
				CLANG_CXX_LIBRARY = "libc++";
				CLANG_ENABLE_MODULES = YES;
				CLANG_ENABLE_OBJC_ARC = YES;
				CLANG_ENABLE_OBJC_WEAK = YES;
				CLANG_WARN_BLOCK_CAPTURE_AUTORELEASING = YES;
				CLANG_WARN_BOOL_CONVERSION = YES;
				CLANG_WARN_COMMA = YES;
				CLANG_WARN_CONSTANT_CONVERSION = YES;
				CLANG_WARN_DEPRECATED_OBJC_IMPLEMENTATIONS = YES;
				CLANG_WARN_DIRECT_OBJC_ISA_USAGE = YES_ERROR;
				CLANG_WARN_DOCUMENTATION_COMMENTS = YES;
				CLANG_WARN_EMPTY_BODY = YES;
				CLANG_WARN_ENUM_CONVERSION = YES;
				CLANG_WARN_INFINITE_RECURSION = YES;
				CLANG_WARN_INT_CONVERSION = YES;
				CLANG_WARN_NON_LITERAL_NULL_CONVERSION = YES;
				CLANG_WARN_OBJC_IMPLICIT_RETAIN_SELF = YES;
				CLANG_WARN_OBJC_LITERAL_CONVERSION = YES;
				CLANG_WARN_OBJC_ROOT_CLASS = YES_ERROR;
				CLANG_WARN_RANGE_LOOP_ANALYSIS = YES;
				CLANG_WARN_STRICT_PROTOTYPES = YES;
				CLANG_WARN_SUSPICIOUS_MOVE = YES;
				CLANG_WARN_UNGUARDED_AVAILABILITY = YES_AGGRESSIVE;
				CLANG_WARN_UNREACHABLE_CODE = YES;
				CLANG_WARN__DUPLICATE_METHOD_MATCH = YES;
				CODE_SIGN_IDENTITY = "Mac Developer";
				COPY_PHASE_STRIP = NO;
				DEBUG_INFORMATION_FORMAT = "dwarf-with-dsym";
				ENABLE_NS_ASSERTIONS = NO;
				ENABLE_STRICT_OBJC_MSGSEND = YES;
				GCC_C_LANGUAGE_STANDARD = gnu11;
				GCC_NO_COMMON_BLOCKS = YES;
				GCC_WARN_64_TO_32_BIT_CONVERSION = YES;
				GCC_WARN_ABOUT_RETURN_TYPE = YES_ERROR;
				GCC_WARN_UNDECLARED_SELECTOR = YES;
				GCC_WARN_UNINITIALIZED_AUTOS = YES_AGGRESSIVE;
				GCC_WARN_UNUSED_FUNCTION = YES;
				GCC_WARN_UNUSED_VARIABLE = YES;
				MACOSX_DEPLOYMENT_TARGET = 10.14;
				MTL_ENABLE_DEBUG_INFO = NO;
				MTL_FAST_MATH = YES;
				SDKROOT = macosx;
			};
			name = Release;
		};
		C34576D8226FF94D00BBF5DD /* Debug */ = {
			isa = XCBuildConfiguration;
			buildSettings = {
				CODE_SIGN_STYLE = Automatic;
				DEVELOPMENT_TEAM = RS9SG27A77;
				PRODUCT_NAME = "$(TARGET_NAME)";
			};
			name = Debug;
		};
		C34576D9226FF94D00BBF5DD /* Release */ = {
			isa = XCBuildConfiguration;
			buildSettings = {
				CODE_SIGN_STYLE = Automatic;
				DEVELOPMENT_TEAM = RS9SG27A77;
				PRODUCT_NAME = "$(TARGET_NAME)";
			};
			name = Release;
		};
/* End XCBuildConfiguration section */

/* Begin XCConfigurationList section */
		C34576CB226FF94D00BBF5DD /* Build configuration list for PBXProject "P3" */ = {
			isa = XCConfigurationList;
			buildConfigurations = (
				C34576D5226FF94D00BBF5DD /* Debug */,
				C34576D6226FF94D00BBF5DD /* Release */,
			);
			defaultConfigurationIsVisible = 0;
			defaultConfigurationName = Release;
		};
		C34576D7226FF94D00BBF5DD /* Build configuration list for PBXNativeTarget "P3" */ = {
			isa = XCConfigurationList;
			buildConfigurations = (
				C34576D8226FF94D00BBF5DD /* Debug */,
				C34576D9226FF94D00BBF5DD /* Release */,
			);
			defaultConfigurationIsVisible = 0;
			defaultConfigurationName = Release;
		};
/* End XCConfigurationList section */
	};
	rootObject = C34576C8226FF94D00BBF5DD /* Project object */;
}
